# This file was autogenerated by Stack.
# You should not edit this file by hand.
# For more information, please see the documentation at:
#   https://docs.haskellstack.org/en/stable/lock_files

packages: []
snapshots:
- completed:
    size: 568885
    url: https://raw.githubusercontent.com/commercialhaskell/stackage-snapshots/master/nightly/2021/3/5.yaml
    sha256: 2bfb65eeb1e40d579f2d86a9631c51adf1e30c5b7013c7c584da674a6027dc21
  original: nightly-2021-03-05
